
Microsoft Visual Studio Solution File, Format Version 12.00
# Visual Studio Version 17
VisualStudioVersion = 17.10.35013.160
MinimumVisualStudioVersion = 10.0.40219.1
Project("{9A19103F-16F7-4668-BE54-9A1E7A4F7556}") = "InntalerSchachfreunde", "BlazoriseTest\BlazoriseTest\InntalerSchachfreunde.csproj", "{0445B3BA-5486-4C0A-9AF2-BB2EF406CDF3}"
EndProject
Project("{9A19103F-16F7-4668-BE54-9A1E7A4F7556}") = "InntalerSchachfreundeTest", "InntalerSchachfreundeTest\InntalerSchachfreundeTest.csproj", "{FB45247D-27E7-4833-B05B-1F90F68CEA58}"
EndProject
Project("{2150E333-8FDC-42A3-9474-1A3956D46DE8}") = "Solution Items", "Solution Items", "{28AA4A3F-E929-4D52-B0DE-919AE7673ABE}"
	ProjectSection(SolutionItems) = preProject
		server.pfx = server.pfx
	EndProjectSection
EndProject
Global
	GlobalSection(SolutionConfigurationPlatforms) = preSolution
		Debug|Any CPU = Debug|Any CPU
		Release|Any CPU = Release|Any CPU
	EndGlobalSection
	GlobalSection(ProjectConfigurationPlatforms) = postSolution
		{0445B3BA-5486-4C0A-9AF2-BB2EF406CDF3}.Debug|Any CPU.ActiveCfg = Debug|Any CPU
		{0445B3BA-5486-4C0A-9AF2-BB2EF406CDF3}.Debug|Any CPU.Build.0 = Debug|Any CPU
		{0445B3BA-5486-4C0A-9AF2-BB2EF406CDF3}.Release|Any CPU.ActiveCfg = Release|Any CPU
		{0445B3BA-5486-4C0A-9AF2-BB2EF406CDF3}.Release|Any CPU.Build.0 = Release|Any CPU
		{FB45247D-27E7-4833-B05B-1F90F68CEA58}.Debug|Any CPU.ActiveCfg = Debug|Any CPU
		{FB45247D-27E7-4833-B05B-1F90F68CEA58}.Debug|Any CPU.Build.0 = Debug|Any CPU
		{FB45247D-27E7-4833-B05B-1F90F68CEA58}.Release|Any CPU.ActiveCfg = Release|Any CPU
		{FB45247D-27E7-4833-B05B-1F90F68CEA58}.Release|Any CPU.Build.0 = Release|Any CPU
	EndGlobalSection
	GlobalSection(SolutionProperties) = preSolution
		HideSolutionNode = FALSE
	EndGlobalSection
	GlobalSection(ExtensibilityGlobals) = postSolution
		SolutionGuid = {5EBC3AF6-ADE2-44C6-AC50-C9C034F0B09B}
	EndGlobalSection
EndGlobal
